
Microsoft Visual Studio Solution File, Format Version 12.00
# Visual Studio Version 17
VisualStudioVersion = 17.5.002.0
MinimumVisualStudioVersion = 10.0.40219.1
Project("{9A19103F-16F7-4668-BE54-9A1E7A4F7556}") = "letterboxed-solver", "letterboxed-solver.csproj", "{33E6AC7B-EB18-4061-82AA-E64D48B86494}"
EndProject
Global
	GlobalSection(SolutionConfigurationPlatforms) = preSolution
		Debug|Any CPU = Debug|Any CPU
		Release|Any CPU = Release|Any CPU
	EndGlobalSection
	GlobalSection(ProjectConfigurationPlatforms) = postSolution
		{33E6AC7B-EB18-4061-82AA-E64D48B86494}.Debug|Any CPU.ActiveCfg = Debug|Any CPU
		{33E6AC7B-EB18-4061-82AA-E64D48B86494}.Debug|Any CPU.Build.0 = Debug|Any CPU
		{33E6AC7B-EB18-4061-82AA-E64D48B86494}.Release|Any CPU.ActiveCfg = Release|Any CPU
		{33E6AC7B-EB18-4061-82AA-E64D48B86494}.Release|Any CPU.Build.0 = Release|Any CPU
	EndGlobalSection
	GlobalSection(SolutionProperties) = preSolution
		HideSolutionNode = FALSE
	EndGlobalSection
	GlobalSection(ExtensibilityGlobals) = postSolution
		SolutionGuid = {34A39B81-3336-4513-BD00-745E1173CABF}
	EndGlobalSection
EndGlobal
